// !$*UTF8*$!
{
	archiveVersion = 1;
	classes = {
	};
	objectVersion = 46;
	objects = {

/* Begin PBXBuildFile section */
		115DB7D61D8A9F7A006CF85A /* AppDelegate.swift in Sources */ = {isa = PBXBuildFile; fileRef = 115DB7D51D8A9F7A006CF85A /* AppDelegate.swift */; };
		115DB7D81D8A9F7A006CF85A /* ViewController.swift in Sources */ = {isa = PBXBuildFile; fileRef = 115DB7D71D8A9F7A006CF85A /* ViewController.swift */; };
		115DB7DB1D8A9F7A006CF85A /* Main.storyboard in Resources */ = {isa = PBXBuildFile; fileRef = 115DB7D91D8A9F7A006CF85A /* Main.storyboard */; };
		115DB7DD1D8A9F7A006CF85A /* Assets.xcassets in Resources */ = {isa = PBXBuildFile; fileRef = 115DB7DC1D8A9F7A006CF85A /* Assets.xcassets */; };
		115DB7E01D8A9F7A006CF85A /* LaunchScreen.storyboard in Resources */ = {isa = PBXBuildFile; fileRef = 115DB7DE1D8A9F7A006CF85A /* LaunchScreen.storyboard */; };
		115DB7EB1D8A9F7A006CF85A /* NewNotificationsTests.swift in Sources */ = {isa = PBXBuildFile; fileRef = 115DB7EA1D8A9F7A006CF85A /* NewNotificationsTests.swift */; };
		11BAD2451D8AAA2400DD1DA7 /* UserNotifications.framework in Frameworks */ = {isa = PBXBuildFile; fileRef = 11BAD2441D8AAA2400DD1DA7 /* UserNotifications.framework */; };
		11BAD2471D8AAA2400DD1DA7 /* UserNotificationsUI.framework in Frameworks */ = {isa = PBXBuildFile; fileRef = 11BAD2461D8AAA2400DD1DA7 /* UserNotificationsUI.framework */; };
		11BAD24A1D8AAA2400DD1DA7 /* NotificationViewController.swift in Sources */ = {isa = PBXBuildFile; fileRef = 11BAD2491D8AAA2400DD1DA7 /* NotificationViewController.swift */; };
		11BAD24D1D8AAA2400DD1DA7 /* MainInterface.storyboard in Resources */ = {isa = PBXBuildFile; fileRef = 11BAD24B1D8AAA2400DD1DA7 /* MainInterface.storyboard */; };
		11BAD2511D8AAA2400DD1DA7 /* MyContentExtension.appex in Embed App Extensions */ = {isa = PBXBuildFile; fileRef = 11BAD2421D8AAA2400DD1DA7 /* MyContentExtension.appex */; settings = {ATTRIBUTES = (RemoveHeadersOnCopy, ); }; };
		11BAD2571D8ABBBA00DD1DA7 /* IMG.gif in Resources */ = {isa = PBXBuildFile; fileRef = 11BAD2561D8ABBBA00DD1DA7 /* IMG.gif */; };
/* End PBXBuildFile section */

/* Begin PBXContainerItemProxy section */
		115DB7E71D8A9F7A006CF85A /* PBXContainerItemProxy */ = {
			isa = PBXContainerItemProxy;
			containerPortal = 115DB7CA1D8A9F7A006CF85A /* Project object */;
			proxyType = 1;
			remoteGlobalIDString = 115DB7D11D8A9F7A006CF85A;
			remoteInfo = NewNotifications;
		};
		11BAD24F1D8AAA2400DD1DA7 /* PBXContainerItemProxy */ = {
			isa = PBXContainerItemProxy;
			containerPortal = 115DB7CA1D8A9F7A006CF85A /* Project object */;
			proxyType = 1;
			remoteGlobalIDString = 11BAD2411D8AAA2400DD1DA7;
			remoteInfo = MyContentExtension;
		};
/* End PBXContainerItemProxy section */

/* Begin PBXCopyFilesBuildPhase section */
		11BAD2551D8AAA2400DD1DA7 /* Embed App Extensions */ = {
			isa = PBXCopyFilesBuildPhase;
			buildActionMask = 2147483647;
			dstPath = "";
			dstSubfolderSpec = 13;
			files = (
				11BAD2511D8AAA2400DD1DA7 /* MyContentExtension.appex in Embed App Extensions */,
			);
			name = "Embed App Extensions";
			runOnlyForDeploymentPostprocessing = 0;
		};
/* End PBXCopyFilesBuildPhase section */

/* Begin PBXFileReference section */
		115DB7D21D8A9F7A006CF85A /* NewNotifications.app */ = {isa = PBXFileReference; explicitFileType = wrapper.application; includeInIndex = 0; path = NewNotifications.app; sourceTree = BUILT_PRODUCTS_DIR; };
		115DB7D51D8A9F7A006CF85A /* AppDelegate.swift */ = {isa = PBXFileReference; lastKnownFileType = sourcecode.swift; path = AppDelegate.swift; sourceTree = "<group>"; };
		115DB7D71D8A9F7A006CF85A /* ViewController.swift */ = {isa = PBXFileReference; lastKnownFileType = sourcecode.swift; path = ViewController.swift; sourceTree = "<group>"; };
		115DB7DA1D8A9F7A006CF85A /* Base */ = {isa = PBXFileReference; lastKnownFileType = file.storyboard; name = Base; path = Base.lproj/Main.storyboard; sourceTree = "<group>"; };
		115DB7DC1D8A9F7A006CF85A /* Assets.xcassets */ = {isa = PBXFileReference; lastKnownFileType = folder.assetcatalog; path = Assets.xcassets; sourceTree = "<group>"; };
		115DB7DF1D8A9F7A006CF85A /* Base */ = {isa = PBXFileReference; lastKnownFileType = file.storyboard; name = Base; path = Base.lproj/LaunchScreen.storyboard; sourceTree = "<group>"; };
		115DB7E11D8A9F7A006CF85A /* Info.plist */ = {isa = PBXFileReference; lastKnownFileType = text.plist.xml; path = Info.plist; sourceTree = "<group>"; };
		115DB7E61D8A9F7A006CF85A /* NewNotificationsTests.xctest */ = {isa = PBXFileReference; explicitFileType = wrapper.cfbundle; includeInIndex = 0; path = NewNotificationsTests.xctest; sourceTree = BUILT_PRODUCTS_DIR; };
		115DB7EA1D8A9F7A006CF85A /* NewNotificationsTests.swift */ = {isa = PBXFileReference; lastKnownFileType = sourcecode.swift; path = NewNotificationsTests.swift; sourceTree = "<group>"; };
		115DB7EC1D8A9F7A006CF85A /* Info.plist */ = {isa = PBXFileReference; lastKnownFileType = text.plist.xml; path = Info.plist; sourceTree = "<group>"; };
		11BAD2421D8AAA2400DD1DA7 /* MyContentExtension.appex */ = {isa = PBXFileReference; explicitFileType = "wrapper.app-extension"; includeInIndex = 0; path = MyContentExtension.appex; sourceTree = BUILT_PRODUCTS_DIR; };
		11BAD2441D8AAA2400DD1DA7 /* UserNotifications.framework */ = {isa = PBXFileReference; lastKnownFileType = wrapper.framework; name = UserNotifications.framework; path = System/Library/Frameworks/UserNotifications.framework; sourceTree = SDKROOT; };
		11BAD2461D8AAA2400DD1DA7 /* UserNotificationsUI.framework */ = {isa = PBXFileReference; lastKnownFileType = wrapper.framework; name = UserNotificationsUI.framework; path = System/Library/Frameworks/UserNotificationsUI.framework; sourceTree = SDKROOT; };
		11BAD2491D8AAA2400DD1DA7 /* NotificationViewController.swift */ = {isa = PBXFileReference; lastKnownFileType = sourcecode.swift; path = NotificationViewController.swift; sourceTree = "<group>"; };
		11BAD24C1D8AAA2400DD1DA7 /* Base */ = {isa = PBXFileReference; lastKnownFileType = file.storyboard; name = Base; path = Base.lproj/MainInterface.storyboard; sourceTree = "<group>"; };
		11BAD24E1D8AAA2400DD1DA7 /* Info.plist */ = {isa = PBXFileReference; lastKnownFileType = text.plist.xml; path = Info.plist; sourceTree = "<group>"; };
		11BAD2561D8ABBBA00DD1DA7 /* IMG.gif */ = {isa = PBXFileReference; lastKnownFileType = image.gif; path = IMG.gif; sourceTree = "<group>"; };
/* End PBXFileReference section */

/* Begin PBXFrameworksBuildPhase section */
		115DB7CF1D8A9F7A006CF85A /* Frameworks */ = {
			isa = PBXFrameworksBuildPhase;
			buildActionMask = 2147483647;
			files = (
			);
			runOnlyForDeploymentPostprocessing = 0;
		};
		115DB7E31D8A9F7A006CF85A /* Frameworks */ = {
			isa = PBXFrameworksBuildPhase;
			buildActionMask = 2147483647;
			files = (
			);
			runOnlyForDeploymentPostprocessing = 0;
		};
		11BAD23F1D8AAA2400DD1DA7 /* Frameworks */ = {
			isa = PBXFrameworksBuildPhase;
			buildActionMask = 2147483647;
			files = (
				11BAD2471D8AAA2400DD1DA7 /* UserNotificationsUI.framework in Frameworks */,
				11BAD2451D8AAA2400DD1DA7 /* UserNotifications.framework in Frameworks */,
			);
			runOnlyForDeploymentPostprocessing = 0;
		};
/* End PBXFrameworksBuildPhase section */

/* Begin PBXGroup section */
		115DB7C91D8A9F7A006CF85A = {
			isa = PBXGroup;
			children = (
				115DB7D41D8A9F7A006CF85A /* NewNotifications */,
				11BAD2481D8AAA2400DD1DA7 /* MyContentExtension */,
				115DB7E91D8A9F7A006CF85A /* NewNotificationsTests */,
				11BAD2431D8AAA2400DD1DA7 /* Frameworks */,
				115DB7D31D8A9F7A006CF85A /* Products */,
			);
			sourceTree = "<group>";
		};
		115DB7D31D8A9F7A006CF85A /* Products */ = {
			isa = PBXGroup;
			children = (
				115DB7D21D8A9F7A006CF85A /* NewNotifications.app */,
				115DB7E61D8A9F7A006CF85A /* NewNotificationsTests.xctest */,
				11BAD2421D8AAA2400DD1DA7 /* MyContentExtension.appex */,
			);
			name = Products;
			sourceTree = "<group>";
		};
		115DB7D41D8A9F7A006CF85A /* NewNotifications */ = {
			isa = PBXGroup;
			children = (
				115DB7D51D8A9F7A006CF85A /* AppDelegate.swift */,
				115DB7D71D8A9F7A006CF85A /* ViewController.swift */,
				115DB7D91D8A9F7A006CF85A /* Main.storyboard */,
				115DB7DC1D8A9F7A006CF85A /* Assets.xcassets */,
				11BAD2561D8ABBBA00DD1DA7 /* IMG.gif */,
				115DB7DE1D8A9F7A006CF85A /* LaunchScreen.storyboard */,
				115DB7E11D8A9F7A006CF85A /* Info.plist */,
			);
			path = NewNotifications;
			sourceTree = "<group>";
		};
		115DB7E91D8A9F7A006CF85A /* NewNotificationsTests */ = {
			isa = PBXGroup;
			children = (
				115DB7EA1D8A9F7A006CF85A /* NewNotificationsTests.swift */,
				115DB7EC1D8A9F7A006CF85A /* Info.plist */,
			);
			path = NewNotificationsTests;
			sourceTree = "<group>";
		};
		11BAD2431D8AAA2400DD1DA7 /* Frameworks */ = {
			isa = PBXGroup;
			children = (
				11BAD2441D8AAA2400DD1DA7 /* UserNotifications.framework */,
				11BAD2461D8AAA2400DD1DA7 /* UserNotificationsUI.framework */,
			);
			name = Frameworks;
			sourceTree = "<group>";
		};
		11BAD2481D8AAA2400DD1DA7 /* MyContentExtension */ = {
			isa = PBXGroup;
			children = (
				11BAD2491D8AAA2400DD1DA7 /* NotificationViewController.swift */,
				11BAD24B1D8AAA2400DD1DA7 /* MainInterface.storyboard */,
				11BAD24E1D8AAA2400DD1DA7 /* Info.plist */,
			);
			path = MyContentExtension;
			sourceTree = "<group>";
		};
/* End PBXGroup section */

/* Begin PBXNativeTarget section */
		115DB7D11D8A9F7A006CF85A /* NewNotifications */ = {
			isa = PBXNativeTarget;
			buildConfigurationList = 115DB7EF1D8A9F7A006CF85A /* Build configuration list for PBXNativeTarget "NewNotifications" */;
			buildPhases = (
				115DB7CE1D8A9F7A006CF85A /* Sources */,
				115DB7CF1D8A9F7A006CF85A /* Frameworks */,
				115DB7D01D8A9F7A006CF85A /* Resources */,
				11BAD2551D8AAA2400DD1DA7 /* Embed App Extensions */,
			);
			buildRules = (
			);
			dependencies = (
				11BAD2501D8AAA2400DD1DA7 /* PBXTargetDependency */,
			);
			name = NewNotifications;
			productName = NewNotifications;
			productReference = 115DB7D21D8A9F7A006CF85A /* NewNotifications.app */;
			productType = "com.apple.product-type.application";
		};
		115DB7E51D8A9F7A006CF85A /* NewNotificationsTests */ = {
			isa = PBXNativeTarget;
			buildConfigurationList = 115DB7F21D8A9F7A006CF85A /* Build configuration list for PBXNativeTarget "NewNotificationsTests" */;
			buildPhases = (
				115DB7E21D8A9F7A006CF85A /* Sources */,
				115DB7E31D8A9F7A006CF85A /* Frameworks */,
				115DB7E41D8A9F7A006CF85A /* Resources */,
			);
			buildRules = (
			);
			dependencies = (
				115DB7E81D8A9F7A006CF85A /* PBXTargetDependency */,
			);
			name = NewNotificationsTests;
			productName = NewNotificationsTests;
			productReference = 115DB7E61D8A9F7A006CF85A /* NewNotificationsTests.xctest */;
			productType = "com.apple.product-type.bundle.unit-test";
		};
		11BAD2411D8AAA2400DD1DA7 /* MyContentExtension */ = {
			isa = PBXNativeTarget;
			buildConfigurationList = 11BAD2521D8AAA2400DD1DA7 /* Build configuration list for PBXNativeTarget "MyContentExtension" */;
			buildPhases = (
				11BAD23E1D8AAA2400DD1DA7 /* Sources */,
				11BAD23F1D8AAA2400DD1DA7 /* Frameworks */,
				11BAD2401D8AAA2400DD1DA7 /* Resources */,
			);
			buildRules = (
			);
			dependencies = (
			);
			name = MyContentExtension;
			productName = MyContentExtension;
			productReference = 11BAD2421D8AAA2400DD1DA7 /* MyContentExtension.appex */;
			productType = "com.apple.product-type.app-extension";
		};
/* End PBXNativeTarget section */

/* Begin PBXProject section */
		115DB7CA1D8A9F7A006CF85A /* Project object */ = {
			isa = PBXProject;
			attributes = {
				LastSwiftUpdateCheck = 0800;
				LastUpgradeCheck = 0800;
				ORGANIZATIONNAME = "Pavlos Nicolaou";
				TargetAttributes = {
					115DB7D11D8A9F7A006CF85A = {
						CreatedOnToolsVersion = 8.0;
						DevelopmentTeam = WWK47579VD;
						ProvisioningStyle = Automatic;
					};
					115DB7E51D8A9F7A006CF85A = {
						CreatedOnToolsVersion = 8.0;
						DevelopmentTeam = WWK47579VD;
						ProvisioningStyle = Automatic;
						TestTargetID = 115DB7D11D8A9F7A006CF85A;
					};
					11BAD2411D8AAA2400DD1DA7 = {
						CreatedOnToolsVersion = 8.0;
						DevelopmentTeam = WWK47579VD;
						ProvisioningStyle = Automatic;
					};
				};
			};
			buildConfigurationList = 115DB7CD1D8A9F7A006CF85A /* Build configuration list for PBXProject "NewNotifications" */;
			compatibilityVersion = "Xcode 3.2";
			developmentRegion = English;
			hasScannedForEncodings = 0;
			knownRegions = (
				en,
				Base,
			);
			mainGroup = 115DB7C91D8A9F7A006CF85A;
			productRefGroup = 115DB7D31D8A9F7A006CF85A /* Products */;
			projectDirPath = "";
			projectRoot = "";
			targets = (
				115DB7D11D8A9F7A006CF85A /* NewNotifications */,
				115DB7E51D8A9F7A006CF85A /* NewNotificationsTests */,
				11BAD2411D8AAA2400DD1DA7 /* MyContentExtension */,
			);
		};
/* End PBXProject section */

/* Begin PBXResourcesBuildPhase section */
		115DB7D01D8A9F7A006CF85A /* Resources */ = {
			isa = PBXResourcesBuildPhase;
			buildActionMask = 2147483647;
			files = (
				11BAD2571D8ABBBA00DD1DA7 /* IMG.gif in Resources */,
				115DB7E01D8A9F7A006CF85A /* LaunchScreen.storyboard in Resources */,
				115DB7DD1D8A9F7A006CF85A /* Assets.xcassets in Resources */,
				115DB7DB1D8A9F7A006CF85A /* Main.storyboard in Resources */,
			);
			runOnlyForDeploymentPostprocessing = 0;
		};
		115DB7E41D8A9F7A006CF85A /* Resources */ = {
			isa = PBXResourcesBuildPhase;
			buildActionMask = 2147483647;
			files = (
			);
			runOnlyForDeploymentPostprocessing = 0;
		};
		11BAD2401D8AAA2400DD1DA7 /* Resources */ = {
			isa = PBXResourcesBuildPhase;
			buildActionMask = 2147483647;
			files = (
				11BAD24D1D8AAA2400DD1DA7 /* MainInterface.storyboard in Resources */,
			);
			runOnlyForDeploymentPostprocessing = 0;
		};
/* End PBXResourcesBuildPhase section */

/* Begin PBXSourcesBuildPhase section */
		115DB7CE1D8A9F7A006CF85A /* Sources */ = {
			isa = PBXSourcesBuildPhase;
			buildActionMask = 2147483647;
			files = (
				115DB7D81D8A9F7A006CF85A /* ViewController.swift in Sources */,
				115DB7D61D8A9F7A006CF85A /* AppDelegate.swift in Sources */,
			);
			runOnlyForDeploymentPostprocessing = 0;
		};
		115DB7E21D8A9F7A006CF85A /* Sources */ = {
			isa = PBXSourcesBuildPhase;
			buildActionMask = 2147483647;
			files = (
				115DB7EB1D8A9F7A006CF85A /* NewNotificationsTests.swift in Sources */,
			);
			runOnlyForDeploymentPostprocessing = 0;
		};
		11BAD23E1D8AAA2400DD1DA7 /* Sources */ = {
			isa = PBXSourcesBuildPhase;
			buildActionMask = 2147483647;
			files = (
				11BAD24A1D8AAA2400DD1DA7 /* NotificationViewController.swift in Sources */,
			);
			runOnlyForDeploymentPostprocessing = 0;
		};
/* End PBXSourcesBuildPhase section */

/* Begin PBXTargetDependency section */
		115DB7E81D8A9F7A006CF85A /* PBXTargetDependency */ = {
			isa = PBXTargetDependency;
			target = 115DB7D11D8A9F7A006CF85A /* NewNotifications */;
			targetProxy = 115DB7E71D8A9F7A006CF85A /* PBXContainerItemProxy */;
		};
		11BAD2501D8AAA2400DD1DA7 /* PBXTargetDependency */ = {
			isa = PBXTargetDependency;
			target = 11BAD2411D8AAA2400DD1DA7 /* MyContentExtension */;
			targetProxy = 11BAD24F1D8AAA2400DD1DA7 /* PBXContainerItemProxy */;
		};
/* End PBXTargetDependency section */

/* Begin PBXVariantGroup section */
		115DB7D91D8A9F7A006CF85A /* Main.storyboard */ = {
			isa = PBXVariantGroup;
			children = (
				115DB7DA1D8A9F7A006CF85A /* Base */,
			);
			name = Main.storyboard;
			sourceTree = "<group>";
		};
		115DB7DE1D8A9F7A006CF85A /* LaunchScreen.storyboard */ = {
			isa = PBXVariantGroup;
			children = (
				115DB7DF1D8A9F7A006CF85A /* Base */,
			);
			name = LaunchScreen.storyboard;
			sourceTree = "<group>";
		};
		11BAD24B1D8AAA2400DD1DA7 /* MainInterface.storyboard */ = {
			isa = PBXVariantGroup;
			children = (
				11BAD24C1D8AAA2400DD1DA7 /* Base */,
			);
			name = MainInterface.storyboard;
			sourceTree = "<group>";
		};
/* End PBXVariantGroup section */

/* Begin XCBuildConfiguration section */
		115DB7ED1D8A9F7A006CF85A /* Debug */ = {
			isa = XCBuildConfiguration;
			buildSettings = {
				ALWAYS_SEARCH_USER_PATHS = NO;
				CLANG_ANALYZER_NONNULL = YES;
				CLANG_CXX_LANGUAGE_STANDARD = "gnu++0x";
				CLANG_CXX_LIBRARY = "libc++";
				CLANG_ENABLE_MODULES = YES;
				CLANG_ENABLE_OBJC_ARC = YES;
				CLANG_WARN_BOOL_CONVERSION = YES;
				CLANG_WARN_CONSTANT_CONVERSION = YES;
				CLANG_WARN_DIRECT_OBJC_ISA_USAGE = YES_ERROR;
				CLANG_WARN_DOCUMENTATION_COMMENTS = YES;
				CLANG_WARN_EMPTY_BODY = YES;
				CLANG_WARN_ENUM_CONVERSION = YES;
				CLANG_WARN_INFINITE_RECURSION = YES;
				CLANG_WARN_INT_CONVERSION = YES;
				CLANG_WARN_OBJC_ROOT_CLASS = YES_ERROR;
				CLANG_WARN_SUSPICIOUS_MOVES = YES;
				CLANG_WARN_UNREACHABLE_CODE = YES;
				CLANG_WARN__DUPLICATE_METHOD_MATCH = YES;
				"CODE_SIGN_IDENTITY[sdk=iphoneos*]" = "iPhone Developer";
				COPY_PHASE_STRIP = NO;
				DEBUG_INFORMATION_FORMAT = dwarf;
				ENABLE_STRICT_OBJC_MSGSEND = YES;
				ENABLE_TESTABILITY = YES;
				GCC_C_LANGUAGE_STANDARD = gnu99;
				GCC_DYNAMIC_NO_PIC = NO;
				GCC_NO_COMMON_BLOCKS = YES;
				GCC_OPTIMIZATION_LEVEL = 0;
				GCC_PREPROCESSOR_DEFINITIONS = (
					"DEBUG=1",
					"$(inherited)",
				);
				GCC_WARN_64_TO_32_BIT_CONVERSION = YES;
				GCC_WARN_ABOUT_RETURN_TYPE = YES_ERROR;
				GCC_WARN_UNDECLARED_SELECTOR = YES;
				GCC_WARN_UNINITIALIZED_AUTOS = YES_AGGRESSIVE;
				GCC_WARN_UNUSED_FUNCTION = YES;
				GCC_WARN_UNUSED_VARIABLE = YES;
				IPHONEOS_DEPLOYMENT_TARGET = 10.0;
				MTL_ENABLE_DEBUG_INFO = YES;
				ONLY_ACTIVE_ARCH = YES;
				SDKROOT = iphoneos;
				SWIFT_ACTIVE_COMPILATION_CONDITIONS = DEBUG;
				SWIFT_OPTIMIZATION_LEVEL = "-Onone";
				TARGETED_DEVICE_FAMILY = "1,2";
			};
			name = Debug;
		};
		115DB7EE1D8A9F7A006CF85A /* Release */ = {
			isa = XCBuildConfiguration;
			buildSettings = {
				ALWAYS_SEARCH_USER_PATHS = NO;
				CLANG_ANALYZER_NONNULL = YES;
				CLANG_CXX_LANGUAGE_STANDARD = "gnu++0x";
				CLANG_CXX_LIBRARY = "libc++";
				CLANG_ENABLE_MODULES = YES;
				CLANG_ENABLE_OBJC_ARC = YES;
				CLANG_WARN_BOOL_CONVERSION = YES;
				CLANG_WARN_CONSTANT_CONVERSION = YES;
				CLANG_WARN_DIRECT_OBJC_ISA_USAGE = YES_ERROR;
				CLANG_WARN_DOCUMENTATION_COMMENTS = YES;
				CLANG_WARN_EMPTY_BODY = YES;
				CLANG_WARN_ENUM_CONVERSION = YES;
				CLANG_WARN_INFINITE_RECURSION = YES;
				CLANG_WARN_INT_CONVERSION = YES;
				CLANG_WARN_OBJC_ROOT_CLASS = YES_ERROR;
				CLANG_WARN_SUSPICIOUS_MOVES = YES;
				CLANG_WARN_UNREACHABLE_CODE = YES;
				CLANG_WARN__DUPLICATE_METHOD_MATCH = YES;
				"CODE_SIGN_IDENTITY[sdk=iphoneos*]" = "iPhone Developer";
				COPY_PHASE_STRIP = NO;
				DEBUG_INFORMATION_FORMAT = "dwarf-with-dsym";
				ENABLE_NS_ASSERTIONS = NO;
				ENABLE_STRICT_OBJC_MSGSEND = YES;
				GCC_C_LANGUAGE_STANDARD = gnu99;
				GCC_NO_COMMON_BLOCKS = YES;
				GCC_WARN_64_TO_32_BIT_CONVERSION = YES;
				GCC_WARN_ABOUT_RETURN_TYPE = YES_ERROR;
				GCC_WARN_UNDECLARED_SELECTOR = YES;
				GCC_WARN_UNINITIALIZED_AUTOS = YES_AGGRESSIVE;
				GCC_WARN_UNUSED_FUNCTION = YES;
				GCC_WARN_UNUSED_VARIABLE = YES;
				IPHONEOS_DEPLOYMENT_TARGET = 10.0;
				MTL_ENABLE_DEBUG_INFO = NO;
				SDKROOT = iphoneos;
				SWIFT_OPTIMIZATION_LEVEL = "-Owholemodule";
				TARGETED_DEVICE_FAMILY = "1,2";
				VALIDATE_PRODUCT = YES;
			};
			name = Release;
		};
		115DB7F01D8A9F7A006CF85A /* Debug */ = {
			isa = XCBuildConfiguration;
			buildSettings = {
				ALWAYS_EMBED_SWIFT_STANDARD_LIBRARIES = YES;
				ASSETCATALOG_COMPILER_APPICON_NAME = AppIcon;
				DEVELOPMENT_TEAM = WWK47579VD;
				INFOPLIST_FILE = NewNotifications/Info.plist;
				LD_RUNPATH_SEARCH_PATHS = "$(inherited) @executable_path/Frameworks";
				PRODUCT_BUNDLE_IDENTIFIER = com.pavlosnicolaou.NewNotifications;
				PRODUCT_NAME = "$(TARGET_NAME)";
				SWIFT_VERSION = 3.0;
			};
			name = Debug;
		};
		115DB7F11D8A9F7A006CF85A /* Release */ = {
			isa = XCBuildConfiguration;
			buildSettings = {
				ALWAYS_EMBED_SWIFT_STANDARD_LIBRARIES = YES;
				ASSETCATALOG_COMPILER_APPICON_NAME = AppIcon;
				DEVELOPMENT_TEAM = WWK47579VD;
				INFOPLIST_FILE = NewNotifications/Info.plist;
				LD_RUNPATH_SEARCH_PATHS = "$(inherited) @executable_path/Frameworks";
				PRODUCT_BUNDLE_IDENTIFIER = com.pavlosnicolaou.NewNotifications;
				PRODUCT_NAME = "$(TARGET_NAME)";
				SWIFT_VERSION = 3.0;
			};
			name = Release;
		};
		115DB7F31D8A9F7A006CF85A /* Debug */ = {
			isa = XCBuildConfiguration;
			buildSettings = {
				ALWAYS_EMBED_SWIFT_STANDARD_LIBRARIES = YES;
				BUNDLE_LOADER = "$(TEST_HOST)";
				DEVELOPMENT_TEAM = WWK47579VD;
				INFOPLIST_FILE = NewNotificationsTests/Info.plist;
				LD_RUNPATH_SEARCH_PATHS = "$(inherited) @executable_path/Frameworks @loader_path/Frameworks";
				PRODUCT_BUNDLE_IDENTIFIER = com.pavlosnicolaou.NewNotificationsTests;
				PRODUCT_NAME = "$(TARGET_NAME)";
				SWIFT_VERSION = 3.0;
				TEST_HOST = "$(BUILT_PRODUCTS_DIR)/NewNotifications.app/NewNotifications";
			};
			name = Debug;
		};
		115DB7F41D8A9F7A006CF85A /* Release */ = {
			isa = XCBuildConfiguration;
			buildSettings = {
				ALWAYS_EMBED_SWIFT_STANDARD_LIBRARIES = YES;
				BUNDLE_LOADER = "$(TEST_HOST)";
				DEVELOPMENT_TEAM = WWK47579VD;
				INFOPLIST_FILE = NewNotificationsTests/Info.plist;
				LD_RUNPATH_SEARCH_PATHS = "$(inherited) @executable_path/Frameworks @loader_path/Frameworks";
				PRODUCT_BUNDLE_IDENTIFIER = com.pavlosnicolaou.NewNotificationsTests;
				PRODUCT_NAME = "$(TARGET_NAME)";
				SWIFT_VERSION = 3.0;
				TEST_HOST = "$(BUILT_PRODUCTS_DIR)/NewNotifications.app/NewNotifications";
			};
			name = Release;
		};
		11BAD2531D8AAA2400DD1DA7 /* Debug */ = {
			isa = XCBuildConfiguration;
			buildSettings = {
				DEVELOPMENT_TEAM = WWK47579VD;
				INFOPLIST_FILE = MyContentExtension/Info.plist;
				LD_RUNPATH_SEARCH_PATHS = "$(inherited) @executable_path/Frameworks @executable_path/../../Frameworks";
				PRODUCT_BUNDLE_IDENTIFIER = com.pavlosnicolaou.NewNotifications.MyContentExtension;
				PRODUCT_NAME = "$(TARGET_NAME)";
				SKIP_INSTALL = YES;
				SWIFT_VERSION = 3.0;
			};
			name = Debug;
		};
		11BAD2541D8AAA2400DD1DA7 /* Release */ = {
			isa = XCBuildConfiguration;
			buildSettings = {
				DEVELOPMENT_TEAM = WWK47579VD;
				INFOPLIST_FILE = MyContentExtension/Info.plist;
				LD_RUNPATH_SEARCH_PATHS = "$(inherited) @executable_path/Frameworks @executable_path/../../Frameworks";
				PRODUCT_BUNDLE_IDENTIFIER = com.pavlosnicolaou.NewNotifications.MyContentExtension;
				PRODUCT_NAME = "$(TARGET_NAME)";
				SKIP_INSTALL = YES;
				SWIFT_VERSION = 3.0;
			};
			name = Release;
		};
/* End XCBuildConfiguration section */

/* Begin XCConfigurationList section */
		115DB7CD1D8A9F7A006CF85A /* Build configuration list for PBXProject "NewNotifications" */ = {
			isa = XCConfigurationList;
			buildConfigurations = (
				115DB7ED1D8A9F7A006CF85A /* Debug */,
				115DB7EE1D8A9F7A006CF85A /* Release */,
			);
			defaultConfigurationIsVisible = 0;
			defaultConfigurationName = Release;
		};
		115DB7EF1D8A9F7A006CF85A /* Build configuration list for PBXNativeTarget "NewNotifications" */ = {
			isa = XCConfigurationList;
			buildConfigurations = (
				115DB7F01D8A9F7A006CF85A /* Debug */,
				115DB7F11D8A9F7A006CF85A /* Release */,
			);
			defaultConfigurationIsVisible = 0;
			defaultConfigurationName = Release;
		};
		115DB7F21D8A9F7A006CF85A /* Build configuration list for PBXNativeTarget "NewNotificationsTests" */ = {
			isa = XCConfigurationList;
			buildConfigurations = (
				115DB7F31D8A9F7A006CF85A /* Debug */,
				115DB7F41D8A9F7A006CF85A /* Release */,
			);
			defaultConfigurationIsVisible = 0;
			defaultConfigurationName = Release;
		};
		11BAD2521D8AAA2400DD1DA7 /* Build configuration list for PBXNativeTarget "MyContentExtension" */ = {
			isa = XCConfigurationList;
			buildConfigurations = (
				11BAD2531D8AAA2400DD1DA7 /* Debug */,
				11BAD2541D8AAA2400DD1DA7 /* Release */,
			);
			defaultConfigurationIsVisible = 0;
		};
/* End XCConfigurationList section */
	};
	rootObject = 115DB7CA1D8A9F7A006CF85A /* Project object */;
}
